uuid: 52585170-58a1-4296-a34a-d13cdf732413
langcode: en
status: true
dependencies:
  module:
    - orchard_banner
    - system
  theme:
    - bootstrap_barrio_subtheme
id: bootstrap_barrio_subtheme_orchardbannerblock
theme: bootstrap_barrio_subtheme
region: breadcrumb
weight: -7
provider: null
plugin: banner_block
settings:
  id: banner_block
  label: 'Orchard Banner Block'
  label_display: visible
  provider: orchard_banner
visibility:
  request_path:
    id: request_path
    negate: true
    pages: '/admin/*'
